
Microsoft Visual Studio Solution File, Format Version 12.00
# Visual Studio Version 16
VisualStudioVersion = 16.0.31025.194
MinimumVisualStudioVersion = 10.0.40219.1
Project("{FAE04EC0-301F-11D3-BF4B-00C04F79EFBC}") = "ServerConfigRest_20190140041_NandoAlhasanain", "ServerConfigRest_20190140041_NandoAlhasanain\ServerConfigRest_20190140041_NandoAlhasanain.csproj", "{F2076340-3177-4715-8158-F4A0C4F75748}"
EndProject
Global
	GlobalSection(SolutionConfigurationPlatforms) = preSolution
		Debug|Any CPU = Debug|Any CPU
		Release|Any CPU = Release|Any CPU
	EndGlobalSection
	GlobalSection(ProjectConfigurationPlatforms) = postSolution
		{F2076340-3177-4715-8158-F4A0C4F75748}.Debug|Any CPU.ActiveCfg = Debug|Any CPU
		{F2076340-3177-4715-8158-F4A0C4F75748}.Debug|Any CPU.Build.0 = Debug|Any CPU
		{F2076340-3177-4715-8158-F4A0C4F75748}.Release|Any CPU.ActiveCfg = Release|Any CPU
		{F2076340-3177-4715-8158-F4A0C4F75748}.Release|Any CPU.Build.0 = Release|Any CPU
	EndGlobalSection
	GlobalSection(SolutionProperties) = preSolution
		HideSolutionNode = FALSE
	EndGlobalSection
	GlobalSection(ExtensibilityGlobals) = postSolution
		SolutionGuid = {2C568503-3418-4368-BD1C-FC32B2B35405}
	EndGlobalSection
EndGlobal
